
Microsoft Visual Studio Solution File, Format Version 12.00
# Visual Studio Version 17
VisualStudioVersion = 17.14.36408.4 d17.14
MinimumVisualStudioVersion = 10.0.40219.1
Project("{FAE04EC0-301F-11D3-BF4B-00C04F79EFBC}") = "ad2", "ad2\ad2.csproj", "{CFCF30D4-8479-4FE5-8823-614E50F0CDAB}"
EndProject
Global
	GlobalSection(SolutionConfigurationPlatforms) = preSolution
		Debug|Any CPU = Debug|Any CPU
		Release|Any CPU = Release|Any CPU
	EndGlobalSection
	GlobalSection(ProjectConfigurationPlatforms) = postSolution
		{CFCF30D4-8479-4FE5-8823-614E50F0CDAB}.Debug|Any CPU.ActiveCfg = Debug|Any CPU
		{CFCF30D4-8479-4FE5-8823-614E50F0CDAB}.Debug|Any CPU.Build.0 = Debug|Any CPU
		{CFCF30D4-8479-4FE5-8823-614E50F0CDAB}.Release|Any CPU.ActiveCfg = Release|Any CPU
		{CFCF30D4-8479-4FE5-8823-614E50F0CDAB}.Release|Any CPU.Build.0 = Release|Any CPU
	EndGlobalSection
	GlobalSection(SolutionProperties) = preSolution
		HideSolutionNode = FALSE
	EndGlobalSection
	GlobalSection(ExtensibilityGlobals) = postSolution
		SolutionGuid = {0F845390-11FC-4028-B487-31F3EA83330A}
	EndGlobalSection
EndGlobal
